
Microsoft Visual Studio Solution File, Format Version 12.00
# Visual Studio Version 16
VisualStudioVersion = 16.0.31005.135
MinimumVisualStudioVersion = 10.0.40219.1
Project("{FAE04EC0-301F-11D3-BF4B-00C04F79EFBC}") = "WebAppGrid", "WebAppGrid\WebAppGrid.csproj", "{6F69C8B3-F63D-4B59-93B9-959DE0D391FA}"
EndProject
Project("{2150E333-8FDC-42A3-9474-1A3956D46DE8}") = "Solution Items", "Solution Items", "{A3681A2E-2C82-4B62-B1AD-0566EA8AEA4E}"
	ProjectSection(SolutionItems) = preProject
		ReadMe.txt = ReadMe.txt
	EndProjectSection
EndProject
Global
	GlobalSection(SolutionConfigurationPlatforms) = preSolution
		Debug|Any CPU = Debug|Any CPU
		Release|Any CPU = Release|Any CPU
	EndGlobalSection
	GlobalSection(ProjectConfigurationPlatforms) = postSolution
		{6F69C8B3-F63D-4B59-93B9-959DE0D391FA}.Debug|Any CPU.ActiveCfg = Debug|Any CPU
		{6F69C8B3-F63D-4B59-93B9-959DE0D391FA}.Debug|Any CPU.Build.0 = Debug|Any CPU
		{6F69C8B3-F63D-4B59-93B9-959DE0D391FA}.Release|Any CPU.ActiveCfg = Release|Any CPU
		{6F69C8B3-F63D-4B59-93B9-959DE0D391FA}.Release|Any CPU.Build.0 = Release|Any CPU
	EndGlobalSection
	GlobalSection(SolutionProperties) = preSolution
		HideSolutionNode = FALSE
	EndGlobalSection
	GlobalSection(ExtensibilityGlobals) = postSolution
		SolutionGuid = {86E54B50-4A59-43C9-8D41-64FCC167FA7C}
	EndGlobalSection
EndGlobal
